
Microsoft Visual Studio Solution File, Format Version 12.00
# Visual Studio Version 17
VisualStudioVersion = 17.9.34607.119
MinimumVisualStudioVersion = 10.0.40219.1
Project("{2150E333-8FDC-42A3-9474-1A3956D46DE8}") = "core", "core", "{59A4F062-59CD-4F60-89C4-8360678E1C47}"
EndProject
Project("{2150E333-8FDC-42A3-9474-1A3956D46DE8}") = "src", "src", "{2FDBEBCB-FA40-4372-8478-C94E5CB2CBB7}"
EndProject
Project("{2150E333-8FDC-42A3-9474-1A3956D46DE8}") = "test", "test", "{2F3B7F79-F1D9-4543-9C66-31A76C389643}"
EndProject
Project("{2150E333-8FDC-42A3-9474-1A3956D46DE8}") = "business-logic", "business-logic", "{558E7B57-EC47-4EEE-8B5B-2ECFC4C3CFA0}"
EndProject
Project("{9A19103F-16F7-4668-BE54-9A1E7A4F7556}") = "AS.Core", "core\AS.Core\AS.Core.csproj", "{C176D42D-BA33-461B-A8C8-5A311D698207}"
EndProject
Project("{9A19103F-16F7-4668-BE54-9A1E7A4F7556}") = "AS.Api", "src\business-logic\AS.Api\AS.Api.csproj", "{CCCEE15C-E189-45A0-B12D-B9F58213E11E}"
EndProject
Project("{9A19103F-16F7-4668-BE54-9A1E7A4F7556}") = "AS.Infrastructure", "src\business-logic\AS.Api.Infrastructure\AS.Infrastructure.csproj", "{4F7283E4-E71D-40D4-8803-882F48D74292}"
EndProject
Project("{9A19103F-16F7-4668-BE54-9A1E7A4F7556}") = "AS.Application", "src\business-logic\AS.Api.Application\AS.Application.csproj", "{9DC04D65-6FEE-44C9-9477-C634547328FA}"
EndProject
Project("{9A19103F-16F7-4668-BE54-9A1E7A4F7556}") = "AS.Worker", "src\business-logic\AS.Worker\AS.Worker.csproj", "{8CB21A26-CC48-4F2E-B0CE-B4891675D985}"
EndProject
Project("{9A19103F-16F7-4668-BE54-9A1E7A4F7556}") = "AS.Migrator", "src\business-logic\AS.Migrator\AS.Migrator.csproj", "{C48E2423-71CD-454D-B371-CB3B12490935}"
EndProject
Project("{9A19103F-16F7-4668-BE54-9A1E7A4F7556}") = "AS.Domain", "src\business-logic\AS.Domain\AS.Domain.csproj", "{1C072BAF-52A1-45B8-84DA-B593CBB07E1B}"
EndProject
Project("{9A19103F-16F7-4668-BE54-9A1E7A4F7556}") = "AS.UI", "src\business-logic\AS.UI\AS.UI.csproj", "{527260DE-E5C7-4510-BF2E-5469C26CCD5C}"
EndProject
Project("{FAE04EC0-301F-11D3-BF4B-00C04F79EFBC}") = "SA.UnitTests", "tests\SA.UnitTests\SA.UnitTests.csproj", "{0A7AB7FB-F305-48CB-9F2B-162B88B5ED62}"
EndProject
Global
	GlobalSection(SolutionConfigurationPlatforms) = preSolution
		Debug|Any CPU = Debug|Any CPU
		Release|Any CPU = Release|Any CPU
	EndGlobalSection
	GlobalSection(ProjectConfigurationPlatforms) = postSolution
		{C176D42D-BA33-461B-A8C8-5A311D698207}.Debug|Any CPU.ActiveCfg = Debug|Any CPU
		{C176D42D-BA33-461B-A8C8-5A311D698207}.Debug|Any CPU.Build.0 = Debug|Any CPU
		{C176D42D-BA33-461B-A8C8-5A311D698207}.Release|Any CPU.ActiveCfg = Release|Any CPU
		{C176D42D-BA33-461B-A8C8-5A311D698207}.Release|Any CPU.Build.0 = Release|Any CPU
		{CCCEE15C-E189-45A0-B12D-B9F58213E11E}.Debug|Any CPU.ActiveCfg = Debug|Any CPU
		{CCCEE15C-E189-45A0-B12D-B9F58213E11E}.Debug|Any CPU.Build.0 = Debug|Any CPU
		{CCCEE15C-E189-45A0-B12D-B9F58213E11E}.Release|Any CPU.ActiveCfg = Release|Any CPU
		{CCCEE15C-E189-45A0-B12D-B9F58213E11E}.Release|Any CPU.Build.0 = Release|Any CPU
		{4F7283E4-E71D-40D4-8803-882F48D74292}.Debug|Any CPU.ActiveCfg = Debug|Any CPU
		{4F7283E4-E71D-40D4-8803-882F48D74292}.Debug|Any CPU.Build.0 = Debug|Any CPU
		{4F7283E4-E71D-40D4-8803-882F48D74292}.Release|Any CPU.ActiveCfg = Release|Any CPU
		{4F7283E4-E71D-40D4-8803-882F48D74292}.Release|Any CPU.Build.0 = Release|Any CPU
		{9DC04D65-6FEE-44C9-9477-C634547328FA}.Debug|Any CPU.ActiveCfg = Debug|Any CPU
		{9DC04D65-6FEE-44C9-9477-C634547328FA}.Debug|Any CPU.Build.0 = Debug|Any CPU
		{9DC04D65-6FEE-44C9-9477-C634547328FA}.Release|Any CPU.ActiveCfg = Release|Any CPU
		{9DC04D65-6FEE-44C9-9477-C634547328FA}.Release|Any CPU.Build.0 = Release|Any CPU
		{8CB21A26-CC48-4F2E-B0CE-B4891675D985}.Debug|Any CPU.ActiveCfg = Debug|Any CPU
		{8CB21A26-CC48-4F2E-B0CE-B4891675D985}.Debug|Any CPU.Build.0 = Debug|Any CPU
		{8CB21A26-CC48-4F2E-B0CE-B4891675D985}.Release|Any CPU.ActiveCfg = Release|Any CPU
		{8CB21A26-CC48-4F2E-B0CE-B4891675D985}.Release|Any CPU.Build.0 = Release|Any CPU
		{C48E2423-71CD-454D-B371-CB3B12490935}.Debug|Any CPU.ActiveCfg = Debug|Any CPU
		{C48E2423-71CD-454D-B371-CB3B12490935}.Debug|Any CPU.Build.0 = Debug|Any CPU
		{C48E2423-71CD-454D-B371-CB3B12490935}.Release|Any CPU.ActiveCfg = Release|Any CPU
		{C48E2423-71CD-454D-B371-CB3B12490935}.Release|Any CPU.Build.0 = Release|Any CPU
		{1C072BAF-52A1-45B8-84DA-B593CBB07E1B}.Debug|Any CPU.ActiveCfg = Debug|Any CPU
		{1C072BAF-52A1-45B8-84DA-B593CBB07E1B}.Debug|Any CPU.Build.0 = Debug|Any CPU
		{1C072BAF-52A1-45B8-84DA-B593CBB07E1B}.Release|Any CPU.ActiveCfg = Release|Any CPU
		{1C072BAF-52A1-45B8-84DA-B593CBB07E1B}.Release|Any CPU.Build.0 = Release|Any CPU
		{527260DE-E5C7-4510-BF2E-5469C26CCD5C}.Debug|Any CPU.ActiveCfg = Debug|Any CPU
		{527260DE-E5C7-4510-BF2E-5469C26CCD5C}.Debug|Any CPU.Build.0 = Debug|Any CPU
		{527260DE-E5C7-4510-BF2E-5469C26CCD5C}.Release|Any CPU.ActiveCfg = Release|Any CPU
		{527260DE-E5C7-4510-BF2E-5469C26CCD5C}.Release|Any CPU.Build.0 = Release|Any CPU
		{0A7AB7FB-F305-48CB-9F2B-162B88B5ED62}.Debug|Any CPU.ActiveCfg = Debug|Any CPU
		{0A7AB7FB-F305-48CB-9F2B-162B88B5ED62}.Debug|Any CPU.Build.0 = Debug|Any CPU
		{0A7AB7FB-F305-48CB-9F2B-162B88B5ED62}.Release|Any CPU.ActiveCfg = Release|Any CPU
		{0A7AB7FB-F305-48CB-9F2B-162B88B5ED62}.Release|Any CPU.Build.0 = Release|Any CPU
	EndGlobalSection
	GlobalSection(SolutionProperties) = preSolution
		HideSolutionNode = FALSE
	EndGlobalSection
	GlobalSection(NestedProjects) = preSolution
		{558E7B57-EC47-4EEE-8B5B-2ECFC4C3CFA0} = {2FDBEBCB-FA40-4372-8478-C94E5CB2CBB7}
		{C176D42D-BA33-461B-A8C8-5A311D698207} = {59A4F062-59CD-4F60-89C4-8360678E1C47}
		{CCCEE15C-E189-45A0-B12D-B9F58213E11E} = {558E7B57-EC47-4EEE-8B5B-2ECFC4C3CFA0}
		{4F7283E4-E71D-40D4-8803-882F48D74292} = {558E7B57-EC47-4EEE-8B5B-2ECFC4C3CFA0}
		{9DC04D65-6FEE-44C9-9477-C634547328FA} = {558E7B57-EC47-4EEE-8B5B-2ECFC4C3CFA0}
		{8CB21A26-CC48-4F2E-B0CE-B4891675D985} = {558E7B57-EC47-4EEE-8B5B-2ECFC4C3CFA0}
		{C48E2423-71CD-454D-B371-CB3B12490935} = {558E7B57-EC47-4EEE-8B5B-2ECFC4C3CFA0}
		{1C072BAF-52A1-45B8-84DA-B593CBB07E1B} = {558E7B57-EC47-4EEE-8B5B-2ECFC4C3CFA0}
		{527260DE-E5C7-4510-BF2E-5469C26CCD5C} = {558E7B57-EC47-4EEE-8B5B-2ECFC4C3CFA0}
		{0A7AB7FB-F305-48CB-9F2B-162B88B5ED62} = {2F3B7F79-F1D9-4543-9C66-31A76C389643}
	EndGlobalSection
	GlobalSection(ExtensibilityGlobals) = postSolution
		SolutionGuid = {AD209342-1AAB-413B-8EB5-D72A3B5C2553}
	EndGlobalSection
EndGlobal
